
Microsoft Visual Studio Solution File, Format Version 12.00
# Visual Studio Version 17
VisualStudioVersion = 17.0.32126.317
MinimumVisualStudioVersion = 10.0.40219.1
Project("{FAE04EC0-301F-11D3-BF4B-00C04F79EFBC}") = "Sleep-well.Android", "Sleep-well\Sleep-well.Android\Sleep-well.Android.csproj", "{EE167CE0-5E84-4816-AD61-76F0F2EEE7DA}"
EndProject
Project("{FAE04EC0-301F-11D3-BF4B-00C04F79EFBC}") = "Sleep-well.iOS", "Sleep-well\Sleep-well.iOS\Sleep-well.iOS.csproj", "{E21D1D64-6626-4D1E-B007-05FB3123EDB5}"
EndProject
Project("{FAE04EC0-301F-11D3-BF4B-00C04F79EFBC}") = "Sleep-well", "Sleep-well\Sleep-well\Sleep-well.csproj", "{968B115C-94A6-461F-8EB7-08DDC6BFC34E}"
EndProject
Global
	GlobalSection(SolutionConfigurationPlatforms) = preSolution
		Debug|Any CPU = Debug|Any CPU
		Debug|iPhone = Debug|iPhone
		Debug|iPhoneSimulator = Debug|iPhoneSimulator
		Release|Any CPU = Release|Any CPU
		Release|iPhone = Release|iPhone
		Release|iPhoneSimulator = Release|iPhoneSimulator
	EndGlobalSection
	GlobalSection(ProjectConfigurationPlatforms) = postSolution
		{EE167CE0-5E84-4816-AD61-76F0F2EEE7DA}.Debug|Any CPU.ActiveCfg = Debug|Any CPU
		{EE167CE0-5E84-4816-AD61-76F0F2EEE7DA}.Debug|Any CPU.Build.0 = Debug|Any CPU
		{EE167CE0-5E84-4816-AD61-76F0F2EEE7DA}.Debug|Any CPU.Deploy.0 = Debug|Any CPU
		{EE167CE0-5E84-4816-AD61-76F0F2EEE7DA}.Debug|iPhone.ActiveCfg = Debug|Any CPU
		{EE167CE0-5E84-4816-AD61-76F0F2EEE7DA}.Debug|iPhone.Build.0 = Debug|Any CPU
		{EE167CE0-5E84-4816-AD61-76F0F2EEE7DA}.Debug|iPhone.Deploy.0 = Debug|Any CPU
		{EE167CE0-5E84-4816-AD61-76F0F2EEE7DA}.Debug|iPhoneSimulator.ActiveCfg = Debug|Any CPU
		{EE167CE0-5E84-4816-AD61-76F0F2EEE7DA}.Debug|iPhoneSimulator.Build.0 = Debug|Any CPU
		{EE167CE0-5E84-4816-AD61-76F0F2EEE7DA}.Debug|iPhoneSimulator.Deploy.0 = Debug|Any CPU
		{EE167CE0-5E84-4816-AD61-76F0F2EEE7DA}.Release|Any CPU.ActiveCfg = Release|Any CPU
		{EE167CE0-5E84-4816-AD61-76F0F2EEE7DA}.Release|Any CPU.Build.0 = Release|Any CPU
		{EE167CE0-5E84-4816-AD61-76F0F2EEE7DA}.Release|Any CPU.Deploy.0 = Release|Any CPU
		{EE167CE0-5E84-4816-AD61-76F0F2EEE7DA}.Release|iPhone.ActiveCfg = Release|Any CPU
		{EE167CE0-5E84-4816-AD61-76F0F2EEE7DA}.Release|iPhone.Build.0 = Release|Any CPU
		{EE167CE0-5E84-4816-AD61-76F0F2EEE7DA}.Release|iPhone.Deploy.0 = Release|Any CPU
		{EE167CE0-5E84-4816-AD61-76F0F2EEE7DA}.Release|iPhoneSimulator.ActiveCfg = Release|Any CPU
		{EE167CE0-5E84-4816-AD61-76F0F2EEE7DA}.Release|iPhoneSimulator.Build.0 = Release|Any CPU
		{EE167CE0-5E84-4816-AD61-76F0F2EEE7DA}.Release|iPhoneSimulator.Deploy.0 = Release|Any CPU
		{E21D1D64-6626-4D1E-B007-05FB3123EDB5}.Debug|Any CPU.ActiveCfg = Debug|iPhone
		{E21D1D64-6626-4D1E-B007-05FB3123EDB5}.Debug|Any CPU.Build.0 = Debug|iPhone
		{E21D1D64-6626-4D1E-B007-05FB3123EDB5}.Debug|Any CPU.Deploy.0 = Debug|iPhone
		{E21D1D64-6626-4D1E-B007-05FB3123EDB5}.Debug|iPhone.ActiveCfg = Debug|iPhone
		{E21D1D64-6626-4D1E-B007-05FB3123EDB5}.Debug|iPhone.Build.0 = Debug|iPhone
		{E21D1D64-6626-4D1E-B007-05FB3123EDB5}.Debug|iPhone.Deploy.0 = Debug|iPhone
		{E21D1D64-6626-4D1E-B007-05FB3123EDB5}.Debug|iPhoneSimulator.ActiveCfg = Debug|iPhoneSimulator
		{E21D1D64-6626-4D1E-B007-05FB3123EDB5}.Debug|iPhoneSimulator.Build.0 = Debug|iPhoneSimulator
		{E21D1D64-6626-4D1E-B007-05FB3123EDB5}.Debug|iPhoneSimulator.Deploy.0 = Debug|iPhoneSimulator
		{E21D1D64-6626-4D1E-B007-05FB3123EDB5}.Release|Any CPU.ActiveCfg = Release|iPhoneSimulator
		{E21D1D64-6626-4D1E-B007-05FB3123EDB5}.Release|Any CPU.Build.0 = Release|iPhoneSimulator
		{E21D1D64-6626-4D1E-B007-05FB3123EDB5}.Release|Any CPU.Deploy.0 = Release|iPhoneSimulator
		{E21D1D64-6626-4D1E-B007-05FB3123EDB5}.Release|iPhone.ActiveCfg = Release|iPhone
		{E21D1D64-6626-4D1E-B007-05FB3123EDB5}.Release|iPhone.Build.0 = Release|iPhone
		{E21D1D64-6626-4D1E-B007-05FB3123EDB5}.Release|iPhone.Deploy.0 = Release|iPhone
		{E21D1D64-6626-4D1E-B007-05FB3123EDB5}.Release|iPhoneSimulator.ActiveCfg = Release|iPhoneSimulator
		{E21D1D64-6626-4D1E-B007-05FB3123EDB5}.Release|iPhoneSimulator.Build.0 = Release|iPhoneSimulator
		{E21D1D64-6626-4D1E-B007-05FB3123EDB5}.Release|iPhoneSimulator.Deploy.0 = Release|iPhoneSimulator
		{968B115C-94A6-461F-8EB7-08DDC6BFC34E}.Debug|Any CPU.ActiveCfg = Debug|Any CPU
		{968B115C-94A6-461F-8EB7-08DDC6BFC34E}.Debug|Any CPU.Build.0 = Debug|Any CPU
		{968B115C-94A6-461F-8EB7-08DDC6BFC34E}.Debug|Any CPU.Deploy.0 = Debug|Any CPU
		{968B115C-94A6-461F-8EB7-08DDC6BFC34E}.Debug|iPhone.ActiveCfg = Debug|Any CPU
		{968B115C-94A6-461F-8EB7-08DDC6BFC34E}.Debug|iPhone.Build.0 = Debug|Any CPU
		{968B115C-94A6-461F-8EB7-08DDC6BFC34E}.Debug|iPhone.Deploy.0 = Debug|Any CPU
		{968B115C-94A6-461F-8EB7-08DDC6BFC34E}.Debug|iPhoneSimulator.ActiveCfg = Debug|Any CPU
		{968B115C-94A6-461F-8EB7-08DDC6BFC34E}.Debug|iPhoneSimulator.Build.0 = Debug|Any CPU
		{968B115C-94A6-461F-8EB7-08DDC6BFC34E}.Debug|iPhoneSimulator.Deploy.0 = Debug|Any CPU
		{968B115C-94A6-461F-8EB7-08DDC6BFC34E}.Release|Any CPU.ActiveCfg = Release|Any CPU
		{968B115C-94A6-461F-8EB7-08DDC6BFC34E}.Release|Any CPU.Build.0 = Release|Any CPU
		{968B115C-94A6-461F-8EB7-08DDC6BFC34E}.Release|Any CPU.Deploy.0 = Release|Any CPU
		{968B115C-94A6-461F-8EB7-08DDC6BFC34E}.Release|iPhone.ActiveCfg = Release|Any CPU
		{968B115C-94A6-461F-8EB7-08DDC6BFC34E}.Release|iPhone.Build.0 = Release|Any CPU
		{968B115C-94A6-461F-8EB7-08DDC6BFC34E}.Release|iPhone.Deploy.0 = Release|Any CPU
		{968B115C-94A6-461F-8EB7-08DDC6BFC34E}.Release|iPhoneSimulator.ActiveCfg = Release|Any CPU
		{968B115C-94A6-461F-8EB7-08DDC6BFC34E}.Release|iPhoneSimulator.Build.0 = Release|Any CPU
		{968B115C-94A6-461F-8EB7-08DDC6BFC34E}.Release|iPhoneSimulator.Deploy.0 = Release|Any CPU
	EndGlobalSection
	GlobalSection(SolutionProperties) = preSolution
		HideSolutionNode = FALSE
	EndGlobalSection
	GlobalSection(ExtensibilityGlobals) = postSolution
		SolutionGuid = {960FD073-C09E-46F5-AFF1-CC0906B1CCF0}
	EndGlobalSection
EndGlobal
